// !$*UTF8*$!
{
	archiveVersion = 1;
	classes = {
	};
	objectVersion = 77;
	objects = {

/* Begin PBXBuildFile section */
		2FAD9763203C412B000D30F8 /* config.xml in Resources */ = {isa = PBXBuildFile; fileRef = 2FAD9762203C412B000D30F8 /* config.xml */; };
		50379B232058CBB4000EE86E /* capacitor.config.json in Resources */ = {isa = PBXBuildFile; fileRef = 50379B222058CBB4000EE86E /* capacitor.config.json */; };
		504EC3081FED79650016851F /* AppDelegate.swift in Sources */ = {isa = PBXBuildFile; fileRef = 504EC3071FED79650016851F /* AppDelegate.swift */; };
		504EC30D1FED79650016851F /* Main.storyboard in Resources */ = {isa = PBXBuildFile; fileRef = 504EC30B1FED79650016851F /* Main.storyboard */; };
		504EC30F1FED79650016851F /* Assets.xcassets in Resources */ = {isa = PBXBuildFile; fileRef = 504EC30E1FED79650016851F /* Assets.xcassets */; };
		504EC3121FED79650016851F /* LaunchScreen.storyboard in Resources */ = {isa = PBXBuildFile; fileRef = 504EC3101FED79650016851F /* LaunchScreen.storyboard */; };
		50B271D11FEDC1A000F3C39B /* public in Resources */ = {isa = PBXBuildFile; fileRef = 50B271D01FEDC1A000F3C39B /* public */; };
		AD8298B1FE7813A02AAFC2CE /* Pods_App.framework in Frameworks */ = {isa = PBXBuildFile; fileRef = BA0BABCEF341CC597E84A3F2 /* Pods_App.framework */; };
		B6421BF52F2948E3007C3975 /* MyViewController.swift in Sources */ = {isa = PBXBuildFile; fileRef = B6421BF42F2948E3007C3975 /* MyViewController.swift */; };
		B6442D572EDD2C3F002CCEC5 /* WatchMotionPlugin.m in Sources */ = {isa = PBXBuildFile; fileRef = B6442D562EDD2C3F002CCEC5 /* WatchMotionPlugin.m */; };
		B6442D5A2EDD2C4F002CCEC5 /* WatchMotionPlugin.swift in Sources */ = {isa = PBXBuildFile; fileRef = B6442D592EDD2C4F002CCEC5 /* WatchMotionPlugin.swift */; };
		B659B8C22EDD0A1E0041DAE1 /* Watchkit App Watch App.app in Embed Watch Content */ = {isa = PBXBuildFile; fileRef = B659B8B82EDD0A1A0041DAE1 /* Watchkit App Watch App.app */; settings = {ATTRIBUTES = (RemoveHeadersOnCopy, ); }; };
		B6677A022EDD357D00C3B52B /* Capacitor.framework in Frameworks */ = {isa = PBXBuildFile; fileRef = B6677A012EDD357D00C3B52B /* Capacitor.framework */; };
		B6677A042EDD357D00C3B52B /* CapacitorCamera.framework in Frameworks */ = {isa = PBXBuildFile; fileRef = B6677A032EDD357D00C3B52B /* CapacitorCamera.framework */; };
		B6677A062EDD357D00C3B52B /* CapacitorCommunityBluetoothLe.framework in Frameworks */ = {isa = PBXBuildFile; fileRef = B6677A052EDD357D00C3B52B /* CapacitorCommunityBluetoothLe.framework */; };
		B6677A082EDD357D00C3B52B /* CapacitorSplashScreen.framework in Frameworks */ = {isa = PBXBuildFile; fileRef = B6677A072EDD357D00C3B52B /* CapacitorSplashScreen.framework */; };
		B6677A0A2EDD357D00C3B52B /* Cordova.framework in Frameworks */ = {isa = PBXBuildFile; fileRef = B6677A092EDD357D00C3B52B /* Cordova.framework */; };
		B676B24A2F3A7CC1006D4563 /* AudioPlaybackManager.swift in Sources */ = {isa = PBXBuildFile; fileRef = B676B2492F3A7CC1006D4563 /* AudioPlaybackManager.swift */; };
		B676B2B22F3AB540006D4563 /* capacitor.config.json in Resources */ = {isa = PBXBuildFile; fileRef = B676B2B12F3AB52F006D4563 /* capacitor.config.json */; };
		B67718D72F61A83400FE0A2E /* Combine.framework in Frameworks */ = {isa = PBXBuildFile; fileRef = B67718D62F61A83400FE0A2E /* Combine.framework */; };
		B6771C002F648E0A00FE0A2E /* VideoRecordingPlugin.swift in Sources */ = {isa = PBXBuildFile; fileRef = B6771BFF2F648E0A00FE0A2E /* VideoRecordingPlugin.swift */; };
		B6771C022F648E1200FE0A2E /* RecordingStateMachinePlugin.swift in Sources */ = {isa = PBXBuildFile; fileRef = B6771C012F648E1200FE0A2E /* RecordingStateMachinePlugin.swift */; };
		B6771C042F648E1800FE0A2E /* RecordingStateMachine.swift in Sources */ = {isa = PBXBuildFile; fileRef = B6771C032F648E1800FE0A2E /* RecordingStateMachine.swift */; };
		B698F7BD2EDD258900A5CE11 /* WatchConnectivityManager.swift in Sources */ = {isa = PBXBuildFile; fileRef = B698F7BC2EDD258900A5CE11 /* WatchConnectivityManager.swift */; };
		B6AA11002F4B8A00001D3F11 /* VideoRecordingManager.swift in Sources */ = {isa = PBXBuildFile; fileRef = B6AA10FF2F4B8A00001D3F11 /* VideoRecordingManager.swift */; };
		B6AA11022F4B8A10001D3F11 /* VideoRecordingPlugin.swift in Sources */ = {isa = PBXBuildFile; fileRef = B6AA11012F4B8A10001D3F11 /* VideoRecordingPlugin.swift */; };
		B6CC11042F61B00000AABBCC /* MotionBinaryCodec.swift in Sources */ = {isa = PBXBuildFile; fileRef = B6CC11032F61B00000AABBCC /* MotionBinaryCodec.swift */; };
/* End PBXBuildFile section */

/* Begin PBXContainerItemProxy section */
		B659B8C02EDD0A1E0041DAE1 /* PBXContainerItemProxy */ = {
			isa = PBXContainerItemProxy;
			containerPortal = 504EC2FC1FED79650016851F /* Project object */;
			proxyType = 1;
			remoteGlobalIDString = B659B8B72EDD0A1A0041DAE1;
			remoteInfo = "Watchkit App Watch App";
		};
/* End PBXContainerItemProxy section */

/* Begin PBXCopyFilesBuildPhase section */
		B659B86D2EDD07E00041DAE1 /* Embed Watch Content */ = {
			isa = PBXCopyFilesBuildPhase;
			buildActionMask = 2147483647;
			dstPath = "$(CONTENTS_FOLDER_PATH)/Watch";
			dstSubfolderSpec = 16;
			files = (
				B659B8C22EDD0A1E0041DAE1 /* Watchkit App Watch App.app in Embed Watch Content */,
			);
			name = "Embed Watch Content";
			runOnlyForDeploymentPostprocessing = 0;
		};
/* End PBXCopyFilesBuildPhase section */

/* Begin PBXFileReference section */
		2FAD9762203C412B000D30F8 /* config.xml */ = {isa = PBXFileReference; lastKnownFileType = text.xml; path = config.xml; sourceTree = "<group>"; };
		49AB3E554D667F448F6CCF5B /* Pods-App.debug.xcconfig */ = {isa = PBXFileReference; includeInIndex = 1; lastKnownFileType = text.xcconfig; name = "Pods-App.debug.xcconfig"; path = "Target Support Files/Pods-App/Pods-App.debug.xcconfig"; sourceTree = "<group>"; };
		50379B222058CBB4000EE86E /* capacitor.config.json */ = {isa = PBXFileReference; fileEncoding = 4; lastKnownFileType = text.json; path = capacitor.config.json; sourceTree = "<group>"; };
		504EC3041FED79650016851F /* App.app */ = {isa = PBXFileReference; explicitFileType = wrapper.application; includeInIndex = 0; path = App.app; sourceTree = BUILT_PRODUCTS_DIR; };
		504EC3071FED79650016851F /* AppDelegate.swift */ = {isa = PBXFileReference; lastKnownFileType = sourcecode.swift; path = AppDelegate.swift; sourceTree = "<group>"; };
		504EC30C1FED79650016851F /* Base */ = {isa = PBXFileReference; lastKnownFileType = file.storyboard; name = Base; path = Base.lproj/Main.storyboard; sourceTree = "<group>"; };
		504EC30E1FED79650016851F /* Assets.xcassets */ = {isa = PBXFileReference; lastKnownFileType = folder.assetcatalog; path = Assets.xcassets; sourceTree = "<group>"; };
		504EC3111FED79650016851F /* Base */ = {isa = PBXFileReference; lastKnownFileType = file.storyboard; name = Base; path = Base.lproj/LaunchScreen.storyboard; sourceTree = "<group>"; };
		504EC3131FED79650016851F /* Info.plist */ = {isa = PBXFileReference; lastKnownFileType = text.plist.xml; path = Info.plist; sourceTree = "<group>"; };
		50B271D01FEDC1A000F3C39B /* public */ = {isa = PBXFileReference; lastKnownFileType = folder; path = public; sourceTree = "<group>"; };
		880A0E79BF2EAEE02A9D7876 /* Pods-App.release.xcconfig */ = {isa = PBXFileReference; includeInIndex = 1; lastKnownFileType = text.xcconfig; name = "Pods-App.release.xcconfig"; path = "Target Support Files/Pods-App/Pods-App.release.xcconfig"; sourceTree = "<group>"; };
		B6421BF42F2948E3007C3975 /* MyViewController.swift */ = {isa = PBXFileReference; lastKnownFileType = sourcecode.swift; path = MyViewController.swift; sourceTree = "<group>"; };
		B6442D562EDD2C3F002CCEC5 /* WatchMotionPlugin.m */ = {isa = PBXFileReference; lastKnownFileType = sourcecode.c.objc; path = WatchMotionPlugin.m; sourceTree = "<group>"; };
		B6442D582EDD2C43002CCEC5 /* App-Bridging-Header.h */ = {isa = PBXFileReference; lastKnownFileType = sourcecode.c.h; path = "App-Bridging-Header.h"; sourceTree = "<group>"; };
		B6442D592EDD2C4F002CCEC5 /* WatchMotionPlugin.swift */ = {isa = PBXFileReference; lastKnownFileType = sourcecode.swift; path = WatchMotionPlugin.swift; sourceTree = "<group>"; };
		B64E95462EDD5371009FCD50 /* Capacitor.framework */ = {isa = PBXFileReference; explicitFileType = wrapper.framework; path = Capacitor.framework; sourceTree = BUILT_PRODUCTS_DIR; };
		B64E95472EDD5371009FCD50 /* CapacitorCamera.framework */ = {isa = PBXFileReference; explicitFileType = wrapper.framework; path = CapacitorCamera.framework; sourceTree = BUILT_PRODUCTS_DIR; };
		B64E95482EDD5371009FCD50 /* CapacitorCommunityBluetoothLe.framework */ = {isa = PBXFileReference; explicitFileType = wrapper.framework; path = CapacitorCommunityBluetoothLe.framework; sourceTree = BUILT_PRODUCTS_DIR; };
		B64E95492EDD5371009FCD50 /* CapacitorSplashScreen.framework */ = {isa = PBXFileReference; explicitFileType = wrapper.framework; path = CapacitorSplashScreen.framework; sourceTree = BUILT_PRODUCTS_DIR; };
		B64E954A2EDD5371009FCD50 /* Cordova.framework */ = {isa = PBXFileReference; explicitFileType = wrapper.framework; path = Cordova.framework; sourceTree = BUILT_PRODUCTS_DIR; };
		B659B8B82EDD0A1A0041DAE1 /* Watchkit App Watch App.app */ = {isa = PBXFileReference; explicitFileType = wrapper.application; includeInIndex = 0; path = "Watchkit App Watch App.app"; sourceTree = BUILT_PRODUCTS_DIR; };
		B6677A012EDD357D00C3B52B /* Capacitor.framework */ = {isa = PBXFileReference; explicitFileType = wrapper.framework; path = Capacitor.framework; sourceTree = BUILT_PRODUCTS_DIR; };
		B6677A032EDD357D00C3B52B /* CapacitorCamera.framework */ = {isa = PBXFileReference; explicitFileType = wrapper.framework; path = CapacitorCamera.framework; sourceTree = BUILT_PRODUCTS_DIR; };
		B6677A052EDD357D00C3B52B /* CapacitorCommunityBluetoothLe.framework */ = {isa = PBXFileReference; explicitFileType = wrapper.framework; path = CapacitorCommunityBluetoothLe.framework; sourceTree = BUILT_PRODUCTS_DIR; };
		B6677A072EDD357D00C3B52B /* CapacitorSplashScreen.framework */ = {isa = PBXFileReference; explicitFileType = wrapper.framework; path = CapacitorSplashScreen.framework; sourceTree = BUILT_PRODUCTS_DIR; };
		B6677A092EDD357D00C3B52B /* Cordova.framework */ = {isa = PBXFileReference; explicitFileType = wrapper.framework; path = Cordova.framework; sourceTree = BUILT_PRODUCTS_DIR; };
		B676B2492F3A7CC1006D4563 /* AudioPlaybackManager.swift */ = {isa = PBXFileReference; lastKnownFileType = sourcecode.swift; path = AudioPlaybackManager.swift; sourceTree = "<group>"; };
		B676B2B12F3AB52F006D4563 /* capacitor.config.json */ = {isa = PBXFileReference; lastKnownFileType = text.json; path = capacitor.config.json; sourceTree = "<group>"; };
		B67718D62F61A83400FE0A2E /* Combine.framework */ = {isa = PBXFileReference; lastKnownFileType = wrapper.framework; name = Combine.framework; path = Platforms/WatchOS.platform/Developer/SDKs/WatchOS26.2.sdk/System/Library/Frameworks/Combine.framework; sourceTree = DEVELOPER_DIR; };
		B6771BFF2F648E0A00FE0A2E /* VideoRecordingPlugin.swift */ = {isa = PBXFileReference; lastKnownFileType = sourcecode.swift; path = VideoRecordingPlugin.swift; sourceTree = "<group>"; };
		B6771C012F648E1200FE0A2E /* RecordingStateMachinePlugin.swift */ = {isa = PBXFileReference; lastKnownFileType = sourcecode.swift; path = RecordingStateMachinePlugin.swift; sourceTree = "<group>"; };
		B6771C032F648E1800FE0A2E /* RecordingStateMachine.swift */ = {isa = PBXFileReference; lastKnownFileType = sourcecode.swift; path = RecordingStateMachine.swift; sourceTree = "<group>"; };
		B698F7BC2EDD258900A5CE11 /* WatchConnectivityManager.swift */ = {isa = PBXFileReference; lastKnownFileType = sourcecode.swift; path = WatchConnectivityManager.swift; sourceTree = "<group>"; };
		B6AA10FF2F4B8A00001D3F11 /* VideoRecordingManager.swift */ = {isa = PBXFileReference; lastKnownFileType = sourcecode.swift; path = VideoRecordingManager.swift; sourceTree = "<group>"; };
		B6AA11012F4B8A10001D3F11 /* VideoRecordingPlugin.swift */ = {isa = PBXFileReference; lastKnownFileType = sourcecode.swift; path = VideoRecordingPlugin.swift; sourceTree = "<group>"; };
		B6CC11032F61B00000AABBCC /* MotionBinaryCodec.swift */ = {isa = PBXFileReference; lastKnownFileType = sourcecode.swift; path = MotionBinaryCodec.swift; sourceTree = "<group>"; };
		BA0BABCEF341CC597E84A3F2 /* Pods_App.framework */ = {isa = PBXFileReference; explicitFileType = wrapper.framework; includeInIndex = 0; path = Pods_App.framework; sourceTree = BUILT_PRODUCTS_DIR; };
/* End PBXFileReference section */

/* Begin PBXFileSystemSynchronizedRootGroup section */
		B659B8B92EDD0A1A0041DAE1 /* Watchkit App Watch App */ = {
			isa = PBXFileSystemSynchronizedRootGroup;
			exceptions = (
			);
			path = "Watchkit App Watch App";
			sourceTree = "<group>";
		};
/* End PBXFileSystemSynchronizedRootGroup section */

/* Begin PBXFrameworksBuildPhase section */
		504EC3011FED79650016851F /* Frameworks */ = {
			isa = PBXFrameworksBuildPhase;
			buildActionMask = 2147483647;
			files = (
				B6677A022EDD357D00C3B52B /* Capacitor.framework in Frameworks */,
				B6677A042EDD357D00C3B52B /* CapacitorCamera.framework in Frameworks */,
				B6677A062EDD357D00C3B52B /* CapacitorCommunityBluetoothLe.framework in Frameworks */,
				B6677A082EDD357D00C3B52B /* CapacitorSplashScreen.framework in Frameworks */,
				B6677A0A2EDD357D00C3B52B /* Cordova.framework in Frameworks */,
				AD8298B1FE7813A02AAFC2CE /* Pods_App.framework in Frameworks */,
			);
			runOnlyForDeploymentPostprocessing = 0;
		};
		B659B8B52EDD0A1A0041DAE1 /* Frameworks */ = {
			isa = PBXFrameworksBuildPhase;
			buildActionMask = 2147483647;
			files = (
				B67718D72F61A83400FE0A2E /* Combine.framework in Frameworks */,
			);
			runOnlyForDeploymentPostprocessing = 0;
		};
/* End PBXFrameworksBuildPhase section */

/* Begin PBXGroup section */
		504EC2FB1FED79650016851F = {
			isa = PBXGroup;
			children = (
				504EC3061FED79650016851F /* App */,
				B659B8B92EDD0A1A0041DAE1 /* Watchkit App Watch App */,
				504EC3051FED79650016851F /* Products */,
				A013E059AB51E927D9F90434 /* Pods */,
				D0CDD77AE0643B6F579F60CF /* Frameworks */,
			);
			sourceTree = "<group>";
		};
		504EC3051FED79650016851F /* Products */ = {
			isa = PBXGroup;
			children = (
				504EC3041FED79650016851F /* App.app */,
				B659B8B82EDD0A1A0041DAE1 /* Watchkit App Watch App.app */,
			);
			name = Products;
			sourceTree = "<group>";
		};
		504EC3061FED79650016851F /* App */ = {
			isa = PBXGroup;
			children = (
				B6771C032F648E1800FE0A2E /* RecordingStateMachine.swift */,
				B6771C012F648E1200FE0A2E /* RecordingStateMachinePlugin.swift */,
				B6771BFF2F648E0A00FE0A2E /* VideoRecordingPlugin.swift */,
				B676B2B12F3AB52F006D4563 /* capacitor.config.json */,
				B676B2492F3A7CC1006D4563 /* AudioPlaybackManager.swift */,
				B6421BF42F2948E3007C3975 /* MyViewController.swift */,
				B6442D592EDD2C4F002CCEC5 /* WatchMotionPlugin.swift */,
				B6442D562EDD2C3F002CCEC5 /* WatchMotionPlugin.m */,
				B698F7BC2EDD258900A5CE11 /* WatchConnectivityManager.swift */,
				B6CC11032F61B00000AABBCC /* MotionBinaryCodec.swift */,
				B6AA10FF2F4B8A00001D3F11 /* VideoRecordingManager.swift */,
				B6AA11012F4B8A10001D3F11 /* VideoRecordingPlugin.swift */,
				50379B222058CBB4000EE86E /* capacitor.config.json */,
				504EC3071FED79650016851F /* AppDelegate.swift */,
				504EC30B1FED79650016851F /* Main.storyboard */,
				504EC30E1FED79650016851F /* Assets.xcassets */,
				504EC3101FED79650016851F /* LaunchScreen.storyboard */,
				504EC3131FED79650016851F /* Info.plist */,
				2FAD9762203C412B000D30F8 /* config.xml */,
				50B271D01FEDC1A000F3C39B /* public */,
				B6442D582EDD2C43002CCEC5 /* App-Bridging-Header.h */,
			);
			path = App;
			sourceTree = "<group>";
		};
		A013E059AB51E927D9F90434 /* Pods */ = {
			isa = PBXGroup;
			children = (
				49AB3E554D667F448F6CCF5B /* Pods-App.debug.xcconfig */,
				880A0E79BF2EAEE02A9D7876 /* Pods-App.release.xcconfig */,
			);
			path = Pods;
			sourceTree = "<group>";
		};
		D0CDD77AE0643B6F579F60CF /* Frameworks */ = {
			isa = PBXGroup;
			children = (
				B67718D62F61A83400FE0A2E /* Combine.framework */,
				B64E95462EDD5371009FCD50 /* Capacitor.framework */,
				B64E95472EDD5371009FCD50 /* CapacitorCamera.framework */,
				B64E95482EDD5371009FCD50 /* CapacitorCommunityBluetoothLe.framework */,
				B64E95492EDD5371009FCD50 /* CapacitorSplashScreen.framework */,
				B64E954A2EDD5371009FCD50 /* Cordova.framework */,
				B6677A012EDD357D00C3B52B /* Capacitor.framework */,
				B6677A032EDD357D00C3B52B /* CapacitorCamera.framework */,
				B6677A052EDD357D00C3B52B /* CapacitorCommunityBluetoothLe.framework */,
				B6677A072EDD357D00C3B52B /* CapacitorSplashScreen.framework */,
				B6677A092EDD357D00C3B52B /* Cordova.framework */,
				BA0BABCEF341CC597E84A3F2 /* Pods_App.framework */,
			);
			name = Frameworks;
			sourceTree = "<group>";
		};
/* End PBXGroup section */

/* Begin PBXNativeTarget section */
		504EC3031FED79650016851F /* App */ = {
			isa = PBXNativeTarget;
			buildConfigurationList = 504EC3161FED79650016851F /* Build configuration list for PBXNativeTarget "App" */;
			buildPhases = (
				580D20B4F2E4C4CE8B782F91 /* [CP] Check Pods Manifest.lock */,
				504EC3001FED79650016851F /* Sources */,
				504EC3011FED79650016851F /* Frameworks */,
				504EC3021FED79650016851F /* Resources */,
				B659B86D2EDD07E00041DAE1 /* Embed Watch Content */,
				942F2CA058E5B8629426BAD8 /* [CP] Embed Pods Frameworks */,
			);
			buildRules = (
			);
			dependencies = (
				B659B8C12EDD0A1E0041DAE1 /* PBXTargetDependency */,
			);
			name = App;
			productName = App;
			productReference = 504EC3041FED79650016851F /* App.app */;
			productType = "com.apple.product-type.application";
		};
		B659B8B72EDD0A1A0041DAE1 /* Watchkit App Watch App */ = {
			isa = PBXNativeTarget;
			buildConfigurationList = B659B8C32EDD0A1E0041DAE1 /* Build configuration list for PBXNativeTarget "Watchkit App Watch App" */;
			buildPhases = (
				B659B8B42EDD0A1A0041DAE1 /* Sources */,
				B659B8B52EDD0A1A0041DAE1 /* Frameworks */,
				B659B8B62EDD0A1A0041DAE1 /* Resources */,
			);
			buildRules = (
			);
			dependencies = (
			);
			fileSystemSynchronizedGroups = (
				B659B8B92EDD0A1A0041DAE1 /* Watchkit App Watch App */,
			);
			name = "Watchkit App Watch App";
			productName = "Watchkit App Watch App";
			productReference = B659B8B82EDD0A1A0041DAE1 /* Watchkit App Watch App.app */;
			productType = "com.apple.product-type.application";
		};
/* End PBXNativeTarget section */

/* Begin PBXProject section */
		504EC2FC1FED79650016851F /* Project object */ = {
			isa = PBXProject;
			attributes = {
				LastSwiftUpdateCheck = 2610;
				LastUpgradeCheck = 0920;
				TargetAttributes = {
					504EC3031FED79650016851F = {
						CreatedOnToolsVersion = 9.2;
						LastSwiftMigration = 2610;
						ProvisioningStyle = Automatic;
					};
					B659B8B72EDD0A1A0041DAE1 = {
						CreatedOnToolsVersion = 26.1.1;
						ProvisioningStyle = Automatic;
					};
				};
			};
			buildConfigurationList = 504EC2FF1FED79650016851F /* Build configuration list for PBXProject "App" */;
			developmentRegion = en;
			hasScannedForEncodings = 0;
			knownRegions = (
				en,
				Base,
			);
			mainGroup = 504EC2FB1FED79650016851F;
			preferredProjectObjectVersion = 77;
			productRefGroup = 504EC3051FED79650016851F /* Products */;
			projectDirPath = "";
			projectRoot = "";
			targets = (
				504EC3031FED79650016851F /* App */,
				B659B8B72EDD0A1A0041DAE1 /* Watchkit App Watch App */,
			);
		};
/* End PBXProject section */

/* Begin PBXResourcesBuildPhase section */
		504EC3021FED79650016851F /* Resources */ = {
			isa = PBXResourcesBuildPhase;
			buildActionMask = 2147483647;
			files = (
				504EC3121FED79650016851F /* LaunchScreen.storyboard in Resources */,
				50B271D11FEDC1A000F3C39B /* public in Resources */,
				B676B2B22F3AB540006D4563 /* capacitor.config.json in Resources */,
				504EC30F1FED79650016851F /* Assets.xcassets in Resources */,
				50379B232058CBB4000EE86E /* capacitor.config.json in Resources */,
				504EC30D1FED79650016851F /* Main.storyboard in Resources */,
				2FAD9763203C412B000D30F8 /* config.xml in Resources */,
			);
			runOnlyForDeploymentPostprocessing = 0;
		};
		B659B8B62EDD0A1A0041DAE1 /* Resources */ = {
			isa = PBXResourcesBuildPhase;
			buildActionMask = 2147483647;
			files = (
			);
			runOnlyForDeploymentPostprocessing = 0;
		};
/* End PBXResourcesBuildPhase section */

/* Begin PBXShellScriptBuildPhase section */
		580D20B4F2E4C4CE8B782F91 /* [CP] Check Pods Manifest.lock */ = {
			isa = PBXShellScriptBuildPhase;
			buildActionMask = 2147483647;
			files = (
			);
			inputFileListPaths = (
			);
			inputPaths = (
				"${PODS_PODFILE_DIR_PATH}/Podfile.lock",
				"${PODS_ROOT}/Manifest.lock",
			);
			name = "[CP] Check Pods Manifest.lock";
			outputFileListPaths = (
			);
			outputPaths = (
				"$(DERIVED_FILE_DIR)/Pods-App-checkManifestLockResult.txt",
			);
			runOnlyForDeploymentPostprocessing = 0;
			shellPath = /bin/sh;
			shellScript = "diff \"${PODS_PODFILE_DIR_PATH}/Podfile.lock\" \"${PODS_ROOT}/Manifest.lock\" > /dev/null\nif [ $? != 0 ] ; then\n    # print error to STDERR\n    echo \"error: The sandbox is not in sync with the Podfile.lock. Run 'pod install' or update your CocoaPods installation.\" >&2\n    exit 1\nfi\n# This output is used by Xcode 'outputs' to avoid re-running this script phase.\necho \"SUCCESS\" > \"${SCRIPT_OUTPUT_FILE_0}\"\n";
			showEnvVarsInLog = 0;
		};
		942F2CA058E5B8629426BAD8 /* [CP] Embed Pods Frameworks */ = {
			isa = PBXShellScriptBuildPhase;
			buildActionMask = 2147483647;
			files = (
			);
			inputFileListPaths = (
			);
			name = "[CP] Embed Pods Frameworks";
			outputFileListPaths = (
			);
			runOnlyForDeploymentPostprocessing = 0;
			shellPath = /bin/sh;
			shellScript = "\"${PODS_ROOT}/Target Support Files/Pods-App/Pods-App-frameworks.sh\"\n";
			showEnvVarsInLog = 0;
		};
/* End PBXShellScriptBuildPhase section */

/* Begin PBXSourcesBuildPhase section */
		504EC3001FED79650016851F /* Sources */ = {
			isa = PBXSourcesBuildPhase;
			buildActionMask = 2147483647;
			files = (
				B6771C002F648E0A00FE0A2E /* VideoRecordingPlugin.swift in Sources */,
				B6771C022F648E1200FE0A2E /* RecordingStateMachinePlugin.swift in Sources */,
				B698F7BD2EDD258900A5CE11 /* WatchConnectivityManager.swift in Sources */,
				B6442D572EDD2C3F002CCEC5 /* WatchMotionPlugin.m in Sources */,
				B6442D5A2EDD2C4F002CCEC5 /* WatchMotionPlugin.swift in Sources */,
				B6771C042F648E1800FE0A2E /* RecordingStateMachine.swift in Sources */,
				B6421BF52F2948E3007C3975 /* MyViewController.swift in Sources */,
				504EC3081FED79650016851F /* AppDelegate.swift in Sources */,
				B676B24A2F3A7CC1006D4563 /* AudioPlaybackManager.swift in Sources */,
				B6CC11042F61B00000AABBCC /* MotionBinaryCodec.swift in Sources */,
				B6AA11002F4B8A00001D3F11 /* VideoRecordingManager.swift in Sources */,
				B6AA11022F4B8A10001D3F11 /* VideoRecordingPlugin.swift in Sources */,
			);
			runOnlyForDeploymentPostprocessing = 0;
		};
		B659B8B42EDD0A1A0041DAE1 /* Sources */ = {
			isa = PBXSourcesBuildPhase;
			buildActionMask = 2147483647;
			files = (
			);
			runOnlyForDeploymentPostprocessing = 0;
		};
/* End PBXSourcesBuildPhase section */

/* Begin PBXTargetDependency section */
		B659B8C12EDD0A1E0041DAE1 /* PBXTargetDependency */ = {
			isa = PBXTargetDependency;
			target = B659B8B72EDD0A1A0041DAE1 /* Watchkit App Watch App */;
			targetProxy = B659B8C02EDD0A1E0041DAE1 /* PBXContainerItemProxy */;
		};
/* End PBXTargetDependency section */

/* Begin PBXVariantGroup section */
		504EC30B1FED79650016851F /* Main.storyboard */ = {
			isa = PBXVariantGroup;
			children = (
				504EC30C1FED79650016851F /* Base */,
			);
			name = Main.storyboard;
			sourceTree = "<group>";
		};
		504EC3101FED79650016851F /* LaunchScreen.storyboard */ = {
			isa = PBXVariantGroup;
			children = (
				504EC3111FED79650016851F /* Base */,
			);
			name = LaunchScreen.storyboard;
			sourceTree = "<group>";
		};
/* End PBXVariantGroup section */

/* Begin XCBuildConfiguration section */
		504EC3141FED79650016851F /* Debug */ = {
			isa = XCBuildConfiguration;
			buildSettings = {
				ALWAYS_SEARCH_USER_PATHS = NO;
				CLANG_ANALYZER_NONNULL = YES;
				CLANG_ANALYZER_NUMBER_OBJECT_CONVERSION = YES_AGGRESSIVE;
				CLANG_CXX_LANGUAGE_STANDARD = "gnu++14";
				CLANG_CXX_LIBRARY = "libc++";
				CLANG_ENABLE_MODULES = YES;
				CLANG_ENABLE_OBJC_ARC = YES;
				CLANG_WARN_BLOCK_CAPTURE_AUTORELEASING = YES;
				CLANG_WARN_BOOL_CONVERSION = YES;
				CLANG_WARN_COMMA = YES;
				CLANG_WARN_CONSTANT_CONVERSION = YES;
				CLANG_WARN_DIRECT_OBJC_ISA_USAGE = YES_ERROR;
				CLANG_WARN_DOCUMENTATION_COMMENTS = YES;
				CLANG_WARN_EMPTY_BODY = YES;
				CLANG_WARN_ENUM_CONVERSION = YES;
				CLANG_WARN_INFINITE_RECURSION = YES;
				CLANG_WARN_INT_CONVERSION = YES;
				CLANG_WARN_NON_LITERAL_NULL_CONVERSION = YES;
				CLANG_WARN_OBJC_LITERAL_CONVERSION = YES;
				CLANG_WARN_OBJC_ROOT_CLASS = YES_ERROR;
				CLANG_WARN_RANGE_LOOP_ANALYSIS = YES;
				CLANG_WARN_STRICT_PROTOTYPES = YES;
				CLANG_WARN_SUSPICIOUS_MOVE = YES;
				CLANG_WARN_UNGUARDED_AVAILABILITY = YES_AGGRESSIVE;
				CLANG_WARN_UNREACHABLE_CODE = YES;
				CLANG_WARN__DUPLICATE_METHOD_MATCH = YES;
				CODE_SIGN_IDENTITY = "iPhone Developer";
				COPY_PHASE_STRIP = NO;
				DEBUG_INFORMATION_FORMAT = dwarf;
				ENABLE_STRICT_OBJC_MSGSEND = YES;
				ENABLE_TESTABILITY = YES;
				GCC_C_LANGUAGE_STANDARD = gnu11;
				GCC_DYNAMIC_NO_PIC = NO;
				GCC_NO_COMMON_BLOCKS = YES;
				GCC_OPTIMIZATION_LEVEL = 0;
				GCC_PREPROCESSOR_DEFINITIONS = (
					"DEBUG=1",
					"$(inherited)",
				);
				GCC_WARN_64_TO_32_BIT_CONVERSION = YES;
				GCC_WARN_ABOUT_RETURN_TYPE = YES_ERROR;
				GCC_WARN_UNDECLARED_SELECTOR = YES;
				GCC_WARN_UNINITIALIZED_AUTOS = YES_AGGRESSIVE;
				GCC_WARN_UNUSED_FUNCTION = YES;
				GCC_WARN_UNUSED_VARIABLE = YES;
				IPHONEOS_DEPLOYMENT_TARGET = 14.0;
				MTL_ENABLE_DEBUG_INFO = YES;
				ONLY_ACTIVE_ARCH = YES;
				SDKROOT = iphoneos;
				SWIFT_ACTIVE_COMPILATION_CONDITIONS = DEBUG;
				SWIFT_OPTIMIZATION_LEVEL = "-Onone";
			};
			name = Debug;
		};
		504EC3151FED79650016851F /* Release */ = {
			isa = XCBuildConfiguration;
			buildSettings = {
				ALWAYS_SEARCH_USER_PATHS = NO;
				CLANG_ANALYZER_NONNULL = YES;
				CLANG_ANALYZER_NUMBER_OBJECT_CONVERSION = YES_AGGRESSIVE;
				CLANG_CXX_LANGUAGE_STANDARD = "gnu++14";
				CLANG_CXX_LIBRARY = "libc++";
				CLANG_ENABLE_MODULES = YES;
				CLANG_ENABLE_OBJC_ARC = YES;
				CLANG_WARN_BLOCK_CAPTURE_AUTORELEASING = YES;
				CLANG_WARN_BOOL_CONVERSION = YES;
				CLANG_WARN_COMMA = YES;
				CLANG_WARN_CONSTANT_CONVERSION = YES;
				CLANG_WARN_DIRECT_OBJC_ISA_USAGE = YES_ERROR;
				CLANG_WARN_DOCUMENTATION_COMMENTS = YES;
				CLANG_WARN_EMPTY_BODY = YES;
				CLANG_WARN_ENUM_CONVERSION = YES;
				CLANG_WARN_INFINITE_RECURSION = YES;
				CLANG_WARN_INT_CONVERSION = YES;
				CLANG_WARN_NON_LITERAL_NULL_CONVERSION = YES;
				CLANG_WARN_OBJC_LITERAL_CONVERSION = YES;
				CLANG_WARN_OBJC_ROOT_CLASS = YES_ERROR;
				CLANG_WARN_RANGE_LOOP_ANALYSIS = YES;
				CLANG_WARN_STRICT_PROTOTYPES = YES;
				CLANG_WARN_SUSPICIOUS_MOVE = YES;
				CLANG_WARN_UNGUARDED_AVAILABILITY = YES_AGGRESSIVE;
				CLANG_WARN_UNREACHABLE_CODE = YES;
				CLANG_WARN__DUPLICATE_METHOD_MATCH = YES;
				CODE_SIGN_IDENTITY = "iPhone Developer";
				COPY_PHASE_STRIP = NO;
				DEBUG_INFORMATION_FORMAT = "dwarf-with-dsym";
				ENABLE_NS_ASSERTIONS = NO;
				ENABLE_STRICT_OBJC_MSGSEND = YES;
				GCC_C_LANGUAGE_STANDARD = gnu11;
				GCC_NO_COMMON_BLOCKS = YES;
				GCC_WARN_64_TO_32_BIT_CONVERSION = YES;
				GCC_WARN_ABOUT_RETURN_TYPE = YES_ERROR;
				GCC_WARN_UNDECLARED_SELECTOR = YES;
				GCC_WARN_UNINITIALIZED_AUTOS = YES_AGGRESSIVE;
				GCC_WARN_UNUSED_FUNCTION = YES;
				GCC_WARN_UNUSED_VARIABLE = YES;
				IPHONEOS_DEPLOYMENT_TARGET = 14.0;
				MTL_ENABLE_DEBUG_INFO = NO;
				SDKROOT = iphoneos;
				SWIFT_COMPILATION_MODE = wholemodule;
				SWIFT_OPTIMIZATION_LEVEL = "-O";
				VALIDATE_PRODUCT = YES;
			};
			name = Release;
		};
		504EC3171FED79650016851F /* Debug */ = {
			isa = XCBuildConfiguration;
			baseConfigurationReference = 49AB3E554D667F448F6CCF5B /* Pods-App.debug.xcconfig */;
			buildSettings = {
				ASSETCATALOG_COMPILER_APPICON_NAME = AppIcon;
				CLANG_ENABLE_MODULES = YES;
				CODE_SIGN_STYLE = Automatic;
				CURRENT_PROJECT_VERSION = 1;
				DEVELOPMENT_TEAM = UD66MVR5Z3;
				ENABLE_TESTING_SEARCH_PATHS = YES;
				INFOPLIST_FILE = App/Info.plist;
				IPHONEOS_DEPLOYMENT_TARGET = 18.6;
				LD_RUNPATH_SEARCH_PATHS = (
					"$(inherited)",
					"@executable_path/Frameworks",
				);
				MARKETING_VERSION = 1.0;
				OTHER_SWIFT_FLAGS = "$(inherited) \"-D\" \"COCOAPODS\" \"-DDEBUG\"";
				PRODUCT_BUNDLE_IDENTIFIER = com.ashleyc.app;
				PRODUCT_NAME = "$(TARGET_NAME)";
				SUPPORTED_PLATFORMS = "iphoneos iphonesimulator";
				SUPPORTS_MACCATALYST = NO;
				SUPPORTS_XR_DESIGNED_FOR_IPHONE_IPAD = NO;
				SWIFT_ACTIVE_COMPILATION_CONDITIONS = DEBUG;
				SWIFT_OBJC_BRIDGING_HEADER = "App/App-Bridging-Header.h";
				SWIFT_OPTIMIZATION_LEVEL = "-Onone";
				SWIFT_VERSION = 5.0;
				TARGETED_DEVICE_FAMILY = "1,2";
			};
			name = Debug;
		};
		504EC3181FED79650016851F /* Release */ = {
			isa = XCBuildConfiguration;
			baseConfigurationReference = 880A0E79BF2EAEE02A9D7876 /* Pods-App.release.xcconfig */;
			buildSettings = {
				ASSETCATALOG_COMPILER_APPICON_NAME = AppIcon;
				CLANG_ENABLE_MODULES = YES;
				CODE_SIGN_STYLE = Automatic;
				CURRENT_PROJECT_VERSION = 1;
				DEVELOPMENT_TEAM = UD66MVR5Z3;
				ENABLE_TESTING_SEARCH_PATHS = YES;
				INFOPLIST_FILE = App/Info.plist;
				IPHONEOS_DEPLOYMENT_TARGET = 18.6;
				LD_RUNPATH_SEARCH_PATHS = (
					"$(inherited)",
					"@executable_path/Frameworks",
				);
				MARKETING_VERSION = 1.0;
				PRODUCT_BUNDLE_IDENTIFIER = com.ashleyc.app;
				PRODUCT_NAME = "$(TARGET_NAME)";
				SUPPORTED_PLATFORMS = "iphoneos iphonesimulator";
				SUPPORTS_MACCATALYST = NO;
				SUPPORTS_XR_DESIGNED_FOR_IPHONE_IPAD = NO;
				SWIFT_ACTIVE_COMPILATION_CONDITIONS = "";
				SWIFT_OBJC_BRIDGING_HEADER = "App/App-Bridging-Header.h";
				SWIFT_VERSION = 5.0;
				TARGETED_DEVICE_FAMILY = "1,2";
			};
			name = Release;
		};
		B659B8C42EDD0A1E0041DAE1 /* Debug */ = {
			isa = XCBuildConfiguration;
			buildSettings = {
				ASSETCATALOG_COMPILER_APPICON_NAME = AppIcon;
				ASSETCATALOG_COMPILER_GENERATE_SWIFT_ASSET_SYMBOL_EXTENSIONS = YES;
				ASSETCATALOG_COMPILER_GLOBAL_ACCENT_COLOR_NAME = AccentColor;
				CLANG_CXX_LANGUAGE_STANDARD = "gnu++20";
				CLANG_ENABLE_OBJC_WEAK = YES;
				CLANG_WARN_DEPRECATED_OBJC_IMPLEMENTATIONS = YES;
				CLANG_WARN_OBJC_IMPLICIT_RETAIN_SELF = YES;
				CLANG_WARN_QUOTED_INCLUDE_IN_FRAMEWORK_HEADER = YES;
				CODE_SIGN_ENTITLEMENTS = "Watchkit App Watch App/Watchkit App Watch App.entitlements";
				CODE_SIGN_STYLE = Automatic;
				CURRENT_PROJECT_VERSION = 1;
				DEVELOPMENT_TEAM = UD66MVR5Z3;
				ENABLE_PREVIEWS = YES;
				ENABLE_USER_SCRIPT_SANDBOXING = YES;
				GCC_C_LANGUAGE_STANDARD = gnu17;
				GENERATE_INFOPLIST_FILE = YES;
				INFOPLIST_FILE = "Watchkit-App-Watch-App-Info.plist";
				INFOPLIST_KEY_CFBundleDisplayName = "Watchkit App";
				INFOPLIST_KEY_NSHealthShareUsageDescription = "This app uses HealthKit to keep the app running during tennis sessions.";
				INFOPLIST_KEY_NSHealthUpdateUsageDescription = "This app records tennis workouts to Apple Health.";
				INFOPLIST_KEY_NSMicrophoneUsageDescription = "This app records audio during practice sessions to sync with motion data.";
				INFOPLIST_KEY_NSMotionUsageDescription = "This app needs access to motion data to track your movements.";
				INFOPLIST_KEY_UISupportedInterfaceOrientations = "UIInterfaceOrientationPortrait UIInterfaceOrientationPortraitUpsideDown";
				INFOPLIST_KEY_WKCompanionAppBundleIdentifier = com.ashleyc.app;
				INFOPLIST_KEY_WKRunsIndependentlyOfCompanionApp = NO;
				LD_RUNPATH_SEARCH_PATHS = (
					"$(inherited)",
					"@executable_path/Frameworks",
				);
				LOCALIZATION_PREFERS_STRING_CATALOGS = YES;
				MARKETING_VERSION = 1.0;
				MTL_ENABLE_DEBUG_INFO = INCLUDE_SOURCE;
				MTL_FAST_MATH = YES;
				PRODUCT_BUNDLE_IDENTIFIER = com.ashleyc.app.watchkitapp;
				PRODUCT_NAME = "$(TARGET_NAME)";
				SDKROOT = watchos;
				SKIP_INSTALL = YES;
				STRING_CATALOG_GENERATE_SYMBOLS = YES;
				SWIFT_ACTIVE_COMPILATION_CONDITIONS = "DEBUG $(inherited)";
				SWIFT_APPROACHABLE_CONCURRENCY = YES;
				SWIFT_DEFAULT_ACTOR_ISOLATION = MainActor;
				SWIFT_EMIT_LOC_STRINGS = YES;
				SWIFT_UPCOMING_FEATURE_MEMBER_IMPORT_VISIBILITY = YES;
				SWIFT_VERSION = 5.0;
				TARGETED_DEVICE_FAMILY = "1,4";
				WATCHOS_DEPLOYMENT_TARGET = 11.0;
			};
			name = Debug;
		};
		B659B8C52EDD0A1E0041DAE1 /* Release */ = {
			isa = XCBuildConfiguration;
			buildSettings = {
				ASSETCATALOG_COMPILER_APPICON_NAME = AppIcon;
				ASSETCATALOG_COMPILER_GENERATE_SWIFT_ASSET_SYMBOL_EXTENSIONS = YES;
				ASSETCATALOG_COMPILER_GLOBAL_ACCENT_COLOR_NAME = AccentColor;
				CLANG_CXX_LANGUAGE_STANDARD = "gnu++20";
				CLANG_ENABLE_OBJC_WEAK = YES;
				CLANG_WARN_DEPRECATED_OBJC_IMPLEMENTATIONS = YES;
				CLANG_WARN_OBJC_IMPLICIT_RETAIN_SELF = YES;
				CLANG_WARN_QUOTED_INCLUDE_IN_FRAMEWORK_HEADER = YES;
				CODE_SIGN_ENTITLEMENTS = "Watchkit App Watch App/Watchkit App Watch App.entitlements";
				CODE_SIGN_STYLE = Automatic;
				CURRENT_PROJECT_VERSION = 1;
				DEVELOPMENT_TEAM = UD66MVR5Z3;
				ENABLE_PREVIEWS = YES;
				ENABLE_USER_SCRIPT_SANDBOXING = YES;
				GCC_C_LANGUAGE_STANDARD = gnu17;
				GENERATE_INFOPLIST_FILE = YES;
				INFOPLIST_FILE = "Watchkit-App-Watch-App-Info.plist";
				INFOPLIST_KEY_CFBundleDisplayName = "Watchkit App";
				INFOPLIST_KEY_NSHealthShareUsageDescription = "This app uses HealthKit to keep the app running during tennis sessions.";
				INFOPLIST_KEY_NSHealthUpdateUsageDescription = "This app records tennis workouts to Apple Health.";
				INFOPLIST_KEY_NSMicrophoneUsageDescription = "This app records audio during practice sessions to sync with motion data.";
				INFOPLIST_KEY_NSMotionUsageDescription = "This app needs access to motion data to track your movements.";
				INFOPLIST_KEY_UISupportedInterfaceOrientations = "UIInterfaceOrientationPortrait UIInterfaceOrientationPortraitUpsideDown";
				INFOPLIST_KEY_WKCompanionAppBundleIdentifier = com.ashleyc.app;
				INFOPLIST_KEY_WKRunsIndependentlyOfCompanionApp = NO;
				LD_RUNPATH_SEARCH_PATHS = (
					"$(inherited)",
					"@executable_path/Frameworks",
				);
				LOCALIZATION_PREFERS_STRING_CATALOGS = YES;
				MARKETING_VERSION = 1.0;
				MTL_FAST_MATH = YES;
				PRODUCT_BUNDLE_IDENTIFIER = com.ashleyc.app.watchkitapp;
				PRODUCT_NAME = "$(TARGET_NAME)";
				SDKROOT = watchos;
				SKIP_INSTALL = YES;
				STRING_CATALOG_GENERATE_SYMBOLS = YES;
				SWIFT_APPROACHABLE_CONCURRENCY = YES;
				SWIFT_DEFAULT_ACTOR_ISOLATION = MainActor;
				SWIFT_EMIT_LOC_STRINGS = YES;
				SWIFT_UPCOMING_FEATURE_MEMBER_IMPORT_VISIBILITY = YES;
				SWIFT_VERSION = 5.0;
				TARGETED_DEVICE_FAMILY = "1,4";
				WATCHOS_DEPLOYMENT_TARGET = 11.0;
			};
			name = Release;
		};
/* End XCBuildConfiguration section */

/* Begin XCConfigurationList section */
		504EC2FF1FED79650016851F /* Build configuration list for PBXProject "App" */ = {
			isa = XCConfigurationList;
			buildConfigurations = (
				504EC3141FED79650016851F /* Debug */,
				504EC3151FED79650016851F /* Release */,
			);
			defaultConfigurationIsVisible = 0;
			defaultConfigurationName = Release;
		};
		504EC3161FED79650016851F /* Build configuration list for PBXNativeTarget "App" */ = {
			isa = XCConfigurationList;
			buildConfigurations = (
				504EC3171FED79650016851F /* Debug */,
				504EC3181FED79650016851F /* Release */,
			);
			defaultConfigurationIsVisible = 0;
			defaultConfigurationName = Release;
		};
		B659B8C32EDD0A1E0041DAE1 /* Build configuration list for PBXNativeTarget "Watchkit App Watch App" */ = {
			isa = XCConfigurationList;
			buildConfigurations = (
				B659B8C42EDD0A1E0041DAE1 /* Debug */,
				B659B8C52EDD0A1E0041DAE1 /* Release */,
			);
			defaultConfigurationIsVisible = 0;
			defaultConfigurationName = Release;
		};
/* End XCConfigurationList section */
	};
	rootObject = 504EC2FC1FED79650016851F /* Project object */;
}
